
Microsoft Visual Studio Solution File, Format Version 12.00
# Visual Studio Version 17
VisualStudioVersion = 17.2.32427.441
MinimumVisualStudioVersion = 10.0.40219.1
Project("{FAE04EC0-301F-11D3-BF4B-00C04F79EFBC}") = "App1.Android", "App1\App1.Android\App1.Android.csproj", "{E20AC312-2C6F-42B5-A569-60516D4E2E02}"
EndProject
Project("{FAE04EC0-301F-11D3-BF4B-00C04F79EFBC}") = "App1.iOS", "App1\App1.iOS\App1.iOS.csproj", "{E99EECE7-03FA-4C52-8051-DF721D4250E0}"
EndProject
Project("{FAE04EC0-301F-11D3-BF4B-00C04F79EFBC}") = "App1", "App1\App1\App1.csproj", "{5E1E5F84-B8F7-4634-8472-24648FBC5163}"
EndProject
Global
	GlobalSection(SolutionConfigurationPlatforms) = preSolution
		Debug|Any CPU = Debug|Any CPU
		Debug|iPhone = Debug|iPhone
		Debug|iPhoneSimulator = Debug|iPhoneSimulator
		Release|Any CPU = Release|Any CPU
		Release|iPhone = Release|iPhone
		Release|iPhoneSimulator = Release|iPhoneSimulator
	EndGlobalSection
	GlobalSection(ProjectConfigurationPlatforms) = postSolution
		{E20AC312-2C6F-42B5-A569-60516D4E2E02}.Debug|Any CPU.ActiveCfg = Debug|Any CPU
		{E20AC312-2C6F-42B5-A569-60516D4E2E02}.Debug|Any CPU.Build.0 = Debug|Any CPU
		{E20AC312-2C6F-42B5-A569-60516D4E2E02}.Debug|Any CPU.Deploy.0 = Debug|Any CPU
		{E20AC312-2C6F-42B5-A569-60516D4E2E02}.Debug|iPhone.ActiveCfg = Debug|Any CPU
		{E20AC312-2C6F-42B5-A569-60516D4E2E02}.Debug|iPhone.Build.0 = Debug|Any CPU
		{E20AC312-2C6F-42B5-A569-60516D4E2E02}.Debug|iPhone.Deploy.0 = Debug|Any CPU
		{E20AC312-2C6F-42B5-A569-60516D4E2E02}.Debug|iPhoneSimulator.ActiveCfg = Debug|Any CPU
		{E20AC312-2C6F-42B5-A569-60516D4E2E02}.Debug|iPhoneSimulator.Build.0 = Debug|Any CPU
		{E20AC312-2C6F-42B5-A569-60516D4E2E02}.Debug|iPhoneSimulator.Deploy.0 = Debug|Any CPU
		{E20AC312-2C6F-42B5-A569-60516D4E2E02}.Release|Any CPU.ActiveCfg = Release|Any CPU
		{E20AC312-2C6F-42B5-A569-60516D4E2E02}.Release|Any CPU.Build.0 = Release|Any CPU
		{E20AC312-2C6F-42B5-A569-60516D4E2E02}.Release|Any CPU.Deploy.0 = Release|Any CPU
		{E20AC312-2C6F-42B5-A569-60516D4E2E02}.Release|iPhone.ActiveCfg = Release|Any CPU
		{E20AC312-2C6F-42B5-A569-60516D4E2E02}.Release|iPhone.Build.0 = Release|Any CPU
		{E20AC312-2C6F-42B5-A569-60516D4E2E02}.Release|iPhone.Deploy.0 = Release|Any CPU
		{E20AC312-2C6F-42B5-A569-60516D4E2E02}.Release|iPhoneSimulator.ActiveCfg = Release|Any CPU
		{E20AC312-2C6F-42B5-A569-60516D4E2E02}.Release|iPhoneSimulator.Build.0 = Release|Any CPU
		{E20AC312-2C6F-42B5-A569-60516D4E2E02}.Release|iPhoneSimulator.Deploy.0 = Release|Any CPU
		{E99EECE7-03FA-4C52-8051-DF721D4250E0}.Debug|Any CPU.ActiveCfg = Debug|iPhone
		{E99EECE7-03FA-4C52-8051-DF721D4250E0}.Debug|Any CPU.Build.0 = Debug|iPhone
		{E99EECE7-03FA-4C52-8051-DF721D4250E0}.Debug|Any CPU.Deploy.0 = Debug|iPhone
		{E99EECE7-03FA-4C52-8051-DF721D4250E0}.Debug|iPhone.ActiveCfg = Debug|iPhone
		{E99EECE7-03FA-4C52-8051-DF721D4250E0}.Debug|iPhone.Build.0 = Debug|iPhone
		{E99EECE7-03FA-4C52-8051-DF721D4250E0}.Debug|iPhone.Deploy.0 = Debug|iPhone
		{E99EECE7-03FA-4C52-8051-DF721D4250E0}.Debug|iPhoneSimulator.ActiveCfg = Debug|iPhoneSimulator
		{E99EECE7-03FA-4C52-8051-DF721D4250E0}.Debug|iPhoneSimulator.Build.0 = Debug|iPhoneSimulator
		{E99EECE7-03FA-4C52-8051-DF721D4250E0}.Debug|iPhoneSimulator.Deploy.0 = Debug|iPhoneSimulator
		{E99EECE7-03FA-4C52-8051-DF721D4250E0}.Release|Any CPU.ActiveCfg = Release|iPhoneSimulator
		{E99EECE7-03FA-4C52-8051-DF721D4250E0}.Release|Any CPU.Build.0 = Release|iPhoneSimulator
		{E99EECE7-03FA-4C52-8051-DF721D4250E0}.Release|Any CPU.Deploy.0 = Release|iPhoneSimulator
		{E99EECE7-03FA-4C52-8051-DF721D4250E0}.Release|iPhone.ActiveCfg = Release|iPhone
		{E99EECE7-03FA-4C52-8051-DF721D4250E0}.Release|iPhone.Build.0 = Release|iPhone
		{E99EECE7-03FA-4C52-8051-DF721D4250E0}.Release|iPhone.Deploy.0 = Release|iPhone
		{E99EECE7-03FA-4C52-8051-DF721D4250E0}.Release|iPhoneSimulator.ActiveCfg = Release|iPhoneSimulator
		{E99EECE7-03FA-4C52-8051-DF721D4250E0}.Release|iPhoneSimulator.Build.0 = Release|iPhoneSimulator
		{E99EECE7-03FA-4C52-8051-DF721D4250E0}.Release|iPhoneSimulator.Deploy.0 = Release|iPhoneSimulator
		{5E1E5F84-B8F7-4634-8472-24648FBC5163}.Debug|Any CPU.ActiveCfg = Debug|Any CPU
		{5E1E5F84-B8F7-4634-8472-24648FBC5163}.Debug|Any CPU.Build.0 = Debug|Any CPU
		{5E1E5F84-B8F7-4634-8472-24648FBC5163}.Debug|Any CPU.Deploy.0 = Debug|Any CPU
		{5E1E5F84-B8F7-4634-8472-24648FBC5163}.Debug|iPhone.ActiveCfg = Debug|Any CPU
		{5E1E5F84-B8F7-4634-8472-24648FBC5163}.Debug|iPhone.Build.0 = Debug|Any CPU
		{5E1E5F84-B8F7-4634-8472-24648FBC5163}.Debug|iPhone.Deploy.0 = Debug|Any CPU
		{5E1E5F84-B8F7-4634-8472-24648FBC5163}.Debug|iPhoneSimulator.ActiveCfg = Debug|Any CPU
		{5E1E5F84-B8F7-4634-8472-24648FBC5163}.Debug|iPhoneSimulator.Build.0 = Debug|Any CPU
		{5E1E5F84-B8F7-4634-8472-24648FBC5163}.Debug|iPhoneSimulator.Deploy.0 = Debug|Any CPU
		{5E1E5F84-B8F7-4634-8472-24648FBC5163}.Release|Any CPU.ActiveCfg = Release|Any CPU
		{5E1E5F84-B8F7-4634-8472-24648FBC5163}.Release|Any CPU.Build.0 = Release|Any CPU
		{5E1E5F84-B8F7-4634-8472-24648FBC5163}.Release|Any CPU.Deploy.0 = Release|Any CPU
		{5E1E5F84-B8F7-4634-8472-24648FBC5163}.Release|iPhone.ActiveCfg = Release|Any CPU
		{5E1E5F84-B8F7-4634-8472-24648FBC5163}.Release|iPhone.Build.0 = Release|Any CPU
		{5E1E5F84-B8F7-4634-8472-24648FBC5163}.Release|iPhone.Deploy.0 = Release|Any CPU
		{5E1E5F84-B8F7-4634-8472-24648FBC5163}.Release|iPhoneSimulator.ActiveCfg = Release|Any CPU
		{5E1E5F84-B8F7-4634-8472-24648FBC5163}.Release|iPhoneSimulator.Build.0 = Release|Any CPU
		{5E1E5F84-B8F7-4634-8472-24648FBC5163}.Release|iPhoneSimulator.Deploy.0 = Release|Any CPU
	EndGlobalSection
	GlobalSection(SolutionProperties) = preSolution
		HideSolutionNode = FALSE
	EndGlobalSection
	GlobalSection(ExtensibilityGlobals) = postSolution
		SolutionGuid = {65F64802-8D11-42F7-8850-9E2B6996D67A}
	EndGlobalSection
EndGlobal
