
Microsoft Visual Studio Solution File, Format Version 12.00
# Visual Studio Version 17
VisualStudioVersion = 17.5.33516.290
MinimumVisualStudioVersion = 10.0.40219.1
Project("{9A19103F-16F7-4668-BE54-9A1E7A4F7556}") = "MVVMSourceGenerators", "MVVMSourceGenerators.csproj", "{AF3A8F09-935E-430A-B8D2-B6B15BDBDEE1}"
EndProject
Project("{9A19103F-16F7-4668-BE54-9A1E7A4F7556}") = "MVVMSourceGenerators.Core", "..\MVVMSourceGenerators.Core\MVVMSourceGenerators.Core.csproj", "{E8C1F179-8E9A-48A6-99A5-F16B16B2CA10}"
EndProject
Global
	GlobalSection(SolutionConfigurationPlatforms) = preSolution
		Debug|Any CPU = Debug|Any CPU
		Debug|arm64 = Debug|arm64
		Debug|x64 = Debug|x64
		Debug|x86 = Debug|x86
		Release|Any CPU = Release|Any CPU
		Release|arm64 = Release|arm64
		Release|x64 = Release|x64
		Release|x86 = Release|x86
	EndGlobalSection
	GlobalSection(ProjectConfigurationPlatforms) = postSolution
		{AF3A8F09-935E-430A-B8D2-B6B15BDBDEE1}.Debug|Any CPU.ActiveCfg = Debug|x64
		{AF3A8F09-935E-430A-B8D2-B6B15BDBDEE1}.Debug|Any CPU.Build.0 = Debug|x64
		{AF3A8F09-935E-430A-B8D2-B6B15BDBDEE1}.Debug|Any CPU.Deploy.0 = Debug|x64
		{AF3A8F09-935E-430A-B8D2-B6B15BDBDEE1}.Debug|arm64.ActiveCfg = Debug|arm64
		{AF3A8F09-935E-430A-B8D2-B6B15BDBDEE1}.Debug|arm64.Build.0 = Debug|arm64
		{AF3A8F09-935E-430A-B8D2-B6B15BDBDEE1}.Debug|x64.ActiveCfg = Debug|x64
		{AF3A8F09-935E-430A-B8D2-B6B15BDBDEE1}.Debug|x64.Build.0 = Debug|x64
		{AF3A8F09-935E-430A-B8D2-B6B15BDBDEE1}.Debug|x86.ActiveCfg = Debug|x86
		{AF3A8F09-935E-430A-B8D2-B6B15BDBDEE1}.Debug|x86.Build.0 = Debug|x86
		{AF3A8F09-935E-430A-B8D2-B6B15BDBDEE1}.Debug|x86.Deploy.0 = Debug|x86
		{AF3A8F09-935E-430A-B8D2-B6B15BDBDEE1}.Release|Any CPU.ActiveCfg = Release|x64
		{AF3A8F09-935E-430A-B8D2-B6B15BDBDEE1}.Release|Any CPU.Build.0 = Release|x64
		{AF3A8F09-935E-430A-B8D2-B6B15BDBDEE1}.Release|Any CPU.Deploy.0 = Release|x64
		{AF3A8F09-935E-430A-B8D2-B6B15BDBDEE1}.Release|arm64.ActiveCfg = Release|arm64
		{AF3A8F09-935E-430A-B8D2-B6B15BDBDEE1}.Release|arm64.Build.0 = Release|arm64
		{AF3A8F09-935E-430A-B8D2-B6B15BDBDEE1}.Release|x64.ActiveCfg = Release|x64
		{AF3A8F09-935E-430A-B8D2-B6B15BDBDEE1}.Release|x64.Build.0 = Release|x64
		{AF3A8F09-935E-430A-B8D2-B6B15BDBDEE1}.Release|x86.ActiveCfg = Release|x86
		{AF3A8F09-935E-430A-B8D2-B6B15BDBDEE1}.Release|x86.Build.0 = Release|x86
		{E8C1F179-8E9A-48A6-99A5-F16B16B2CA10}.Debug|Any CPU.ActiveCfg = Debug|Any CPU
		{E8C1F179-8E9A-48A6-99A5-F16B16B2CA10}.Debug|Any CPU.Build.0 = Debug|Any CPU
		{E8C1F179-8E9A-48A6-99A5-F16B16B2CA10}.Debug|arm64.ActiveCfg = Debug|arm64
		{E8C1F179-8E9A-48A6-99A5-F16B16B2CA10}.Debug|arm64.Build.0 = Debug|arm64
		{E8C1F179-8E9A-48A6-99A5-F16B16B2CA10}.Debug|x64.ActiveCfg = Debug|x64
		{E8C1F179-8E9A-48A6-99A5-F16B16B2CA10}.Debug|x64.Build.0 = Debug|x64
		{E8C1F179-8E9A-48A6-99A5-F16B16B2CA10}.Debug|x86.ActiveCfg = Debug|x86
		{E8C1F179-8E9A-48A6-99A5-F16B16B2CA10}.Debug|x86.Build.0 = Debug|x86
		{E8C1F179-8E9A-48A6-99A5-F16B16B2CA10}.Release|Any CPU.ActiveCfg = Release|Any CPU
		{E8C1F179-8E9A-48A6-99A5-F16B16B2CA10}.Release|Any CPU.Build.0 = Release|Any CPU
		{E8C1F179-8E9A-48A6-99A5-F16B16B2CA10}.Release|arm64.ActiveCfg = Release|arm64
		{E8C1F179-8E9A-48A6-99A5-F16B16B2CA10}.Release|arm64.Build.0 = Release|arm64
		{E8C1F179-8E9A-48A6-99A5-F16B16B2CA10}.Release|x64.ActiveCfg = Release|x64
		{E8C1F179-8E9A-48A6-99A5-F16B16B2CA10}.Release|x64.Build.0 = Release|x64
		{E8C1F179-8E9A-48A6-99A5-F16B16B2CA10}.Release|x86.ActiveCfg = Release|x86
		{E8C1F179-8E9A-48A6-99A5-F16B16B2CA10}.Release|x86.Build.0 = Release|x86
	EndGlobalSection
	GlobalSection(SolutionProperties) = preSolution
		HideSolutionNode = FALSE
	EndGlobalSection
	GlobalSection(ExtensibilityGlobals) = postSolution
		SolutionGuid = {8CCE06F8-0593-40E7-AA2C-5F39591BA31B}
	EndGlobalSection
EndGlobal
