
Microsoft Visual Studio Solution File, Format Version 12.00
# Visual Studio Version 17
VisualStudioVersion = 17.2.32414.248
MinimumVisualStudioVersion = 10.0.40219.1
Project("{FAE04EC0-301F-11D3-BF4B-00C04F79EFBC}") = "WpfApp1", "WpfApp1\WpfApp1.csproj", "{62C10D7F-CE2A-47A2-9A24-BEC71491F390}"
EndProject
Global
	GlobalSection(SolutionConfigurationPlatforms) = preSolution
		Debug|Any CPU = Debug|Any CPU
		Release|Any CPU = Release|Any CPU
	EndGlobalSection
	GlobalSection(ProjectConfigurationPlatforms) = postSolution
		{62C10D7F-CE2A-47A2-9A24-BEC71491F390}.Debug|Any CPU.ActiveCfg = Debug|Any CPU
		{62C10D7F-CE2A-47A2-9A24-BEC71491F390}.Debug|Any CPU.Build.0 = Debug|Any CPU
		{62C10D7F-CE2A-47A2-9A24-BEC71491F390}.Release|Any CPU.ActiveCfg = Release|Any CPU
		{62C10D7F-CE2A-47A2-9A24-BEC71491F390}.Release|Any CPU.Build.0 = Release|Any CPU
	EndGlobalSection
	GlobalSection(SolutionProperties) = preSolution
		HideSolutionNode = FALSE
	EndGlobalSection
	GlobalSection(ExtensibilityGlobals) = postSolution
		SolutionGuid = {98EDACD6-DD38-426F-83E9-EEF960BCF458}
	EndGlobalSection
EndGlobal
